
Microsoft Visual Studio Solution File, Format Version 12.00
# Visual Studio Version 17
VisualStudioVersion = 17.0.32014.148
MinimumVisualStudioVersion = 10.0.40219.1
Project("{9A19103F-16F7-4668-BE54-9A1E7A4F7556}") = "Blazor.Sqlite.Client", "Blazor.Sqlite.Client\Blazor.Sqlite.Client.csproj", "{BEC37E22-2391-4CB8-8EEC-45DB231495EF}"
EndProject
Global
	GlobalSection(SolutionConfigurationPlatforms) = preSolution
		Debug|Any CPU = Debug|Any CPU
		Release|Any CPU = Release|Any CPU
	EndGlobalSection
	GlobalSection(ProjectConfigurationPlatforms) = postSolution
		{BEC37E22-2391-4CB8-8EEC-45DB231495EF}.Debug|Any CPU.ActiveCfg = Debug|Any CPU
		{BEC37E22-2391-4CB8-8EEC-45DB231495EF}.Debug|Any CPU.Build.0 = Debug|Any CPU
		{BEC37E22-2391-4CB8-8EEC-45DB231495EF}.Release|Any CPU.ActiveCfg = Release|Any CPU
		{BEC37E22-2391-4CB8-8EEC-45DB231495EF}.Release|Any CPU.Build.0 = Release|Any CPU
	EndGlobalSection
	GlobalSection(SolutionProperties) = preSolution
		HideSolutionNode = FALSE
	EndGlobalSection
	GlobalSection(ExtensibilityGlobals) = postSolution
		SolutionGuid = {19FBC517-5728-40EB-87F6-27C92E4C8C10}
	EndGlobalSection
EndGlobal
